
Microsoft Visual Studio Solution File, Format Version 12.00
# Visual Studio Version 17
VisualStudioVersion = 17.0.31903.59
MinimumVisualStudioVersion = 10.0.40219.1
Project("{FAE04EC0-301F-11D3-BF4B-00C04F79EFBC}") = "Flyweight", "Flyweight.csproj", "{7D0CCBE0-6DFB-4A1A-AC52-A8FE7E3D6BCC}"
EndProject
Global
	GlobalSection(SolutionConfigurationPlatforms) = preSolution
		Debug|Any CPU = Debug|Any CPU
		Release|Any CPU = Release|Any CPU
	EndGlobalSection
	GlobalSection(SolutionProperties) = preSolution
		HideSolutionNode = FALSE
	EndGlobalSection
	GlobalSection(ProjectConfigurationPlatforms) = postSolution
		{7D0CCBE0-6DFB-4A1A-AC52-A8FE7E3D6BCC}.Debug|Any CPU.ActiveCfg = Debug|Any CPU
		{7D0CCBE0-6DFB-4A1A-AC52-A8FE7E3D6BCC}.Debug|Any CPU.Build.0 = Debug|Any CPU
		{7D0CCBE0-6DFB-4A1A-AC52-A8FE7E3D6BCC}.Release|Any CPU.ActiveCfg = Release|Any CPU
		{7D0CCBE0-6DFB-4A1A-AC52-A8FE7E3D6BCC}.Release|Any CPU.Build.0 = Release|Any CPU
	EndGlobalSection
EndGlobal
