
Microsoft Visual Studio Solution File, Format Version 12.00
# Visual Studio Version 16
VisualStudioVersion = 25.0.1704.5
MinimumVisualStudioVersion = 10.0.40219.1
Project("{FAE04EC0-301F-11D3-BF4B-00C04F79EFBC}") = "Furniture", "Furniture.csproj", "{EC9E0CEE-0A84-4F51-B1AD-F0CEF91F595B}"
EndProject
Global
	GlobalSection(SolutionConfigurationPlatforms) = preSolution
		Debug|Any CPU = Debug|Any CPU
		Release|Any CPU = Release|Any CPU
	EndGlobalSection
	GlobalSection(ProjectConfigurationPlatforms) = postSolution
		{EC9E0CEE-0A84-4F51-B1AD-F0CEF91F595B}.Debug|Any CPU.ActiveCfg = Debug|Any CPU
		{EC9E0CEE-0A84-4F51-B1AD-F0CEF91F595B}.Debug|Any CPU.Build.0 = Debug|Any CPU
		{EC9E0CEE-0A84-4F51-B1AD-F0CEF91F595B}.Release|Any CPU.ActiveCfg = Release|Any CPU
		{EC9E0CEE-0A84-4F51-B1AD-F0CEF91F595B}.Release|Any CPU.Build.0 = Release|Any CPU
	EndGlobalSection
	GlobalSection(SolutionProperties) = preSolution
		HideSolutionNode = FALSE
	EndGlobalSection
	GlobalSection(ExtensibilityGlobals) = postSolution
		SolutionGuid = {E8996E33-7158-410C-976D-37C1ED3196A8}
	EndGlobalSection
	GlobalSection(MonoDevelopProperties) = preSolution
		Policies = $0
		$0.DotNetNamingPolicy = $1
		$1.DirectoryNamespaceAssociation = PrefixedHierarchical
		$0.TextStylePolicy = $2
		$2.inheritsSet = null
		$2.scope = text/x-csharp
		$0.CSharpFormattingPolicy = $3
		$3.scope = text/x-csharp
	EndGlobalSection
EndGlobal
